
Microsoft Visual Studio Solution File, Format Version 12.00
# Visual Studio 15
VisualStudioVersion = 15.0.26730.15
MinimumVisualStudioVersion = 10.0.40219.1
Project("{FAE04EC0-301F-11D3-BF4B-00C04F79EFBC}") = "ShelleySDWebApp", "ShelleySDWebApp\ShelleySDWebApp.csproj", "{71C2D6FF-9AAC-439B-B2D9-5E4E2159C15E}"
EndProject
Global
	GlobalSection(SolutionConfigurationPlatforms) = preSolution
		Debug|Any CPU = Debug|Any CPU
		Release|Any CPU = Release|Any CPU
	EndGlobalSection
	GlobalSection(ProjectConfigurationPlatforms) = postSolution
		{71C2D6FF-9AAC-439B-B2D9-5E4E2159C15E}.Debug|Any CPU.ActiveCfg = Debug|Any CPU
		{71C2D6FF-9AAC-439B-B2D9-5E4E2159C15E}.Debug|Any CPU.Build.0 = Debug|Any CPU
		{71C2D6FF-9AAC-439B-B2D9-5E4E2159C15E}.Release|Any CPU.ActiveCfg = Release|Any CPU
		{71C2D6FF-9AAC-439B-B2D9-5E4E2159C15E}.Release|Any CPU.Build.0 = Release|Any CPU
	EndGlobalSection
	GlobalSection(SolutionProperties) = preSolution
		HideSolutionNode = FALSE
	EndGlobalSection
	GlobalSection(ExtensibilityGlobals) = postSolution
		SolutionGuid = {84572557-97BF-45FA-9380-2ACD21C32C4E}
	EndGlobalSection
EndGlobal
